// !$*UTF8*$!
{
	archiveVersion = 1;
	classes = {
	};
	objectVersion = 51;
	objects = {

/* Begin PBXBuildFile section */
		652D5C5A2546B6170083165B /* Accelerate.framework in Frameworks */ = {isa = PBXBuildFile; fileRef = 652D5C592546B6170083165B /* Accelerate.framework */; };
		653BA53A258E2DFF004A0BA7 /* TimerViewController.swift in Sources */ = {isa = PBXBuildFile; fileRef = 653BA539258E2DFF004A0BA7 /* TimerViewController.swift */; };
		653BA542258E69EB004A0BA7 /* SetDurationViewController.swift in Sources */ = {isa = PBXBuildFile; fileRef = 653BA541258E69EB004A0BA7 /* SetDurationViewController.swift */; };
		653BA545258E69FC004A0BA7 /* SetEndtimeViewController.swift in Sources */ = {isa = PBXBuildFile; fileRef = 653BA544258E69FC004A0BA7 /* SetEndtimeViewController.swift */; };
		654F42CF258623C10065D490 /* intro.aiff in Resources */ = {isa = PBXBuildFile; fileRef = 654F42CD258623C10065D490 /* intro.aiff */; };
		654F42D0258623C10065D490 /* outro.aiff in Resources */ = {isa = PBXBuildFile; fileRef = 654F42CE258623C10065D490 /* outro.aiff */; };
		6558D30924684934004E8660 /* AppDelegate.swift in Sources */ = {isa = PBXBuildFile; fileRef = 6558D30824684934004E8660 /* AppDelegate.swift */; };
		6558D30B24684934004E8660 /* SceneDelegate.swift in Sources */ = {isa = PBXBuildFile; fileRef = 6558D30A24684934004E8660 /* SceneDelegate.swift */; };
		6558D30D24684934004E8660 /* SubliminalMakerViewController.swift in Sources */ = {isa = PBXBuildFile; fileRef = 6558D30C24684934004E8660 /* SubliminalMakerViewController.swift */; };
		6558D31024684934004E8660 /* Main.storyboard in Resources */ = {isa = PBXBuildFile; fileRef = 6558D30E24684934004E8660 /* Main.storyboard */; };
		6558D31224684935004E8660 /* Assets.xcassets in Resources */ = {isa = PBXBuildFile; fileRef = 6558D31124684935004E8660 /* Assets.xcassets */; };
		6558D31524684935004E8660 /* LaunchScreen.storyboard in Resources */ = {isa = PBXBuildFile; fileRef = 6558D31324684935004E8660 /* LaunchScreen.storyboard */; };
		6563E03725763C6C000E261B /* SignalProcessing.swift in Sources */ = {isa = PBXBuildFile; fileRef = 6563E03625763C6C000E261B /* SignalProcessing.swift */; };
		6563E03B257691CE000E261B /* Constants.swift in Sources */ = {isa = PBXBuildFile; fileRef = 6563E03A257691CE000E261B /* Constants.swift */; };
		656654AE2595F36700DB03DC /* CommandCenter.swift in Sources */ = {isa = PBXBuildFile; fileRef = 656654AD2595F36700DB03DC /* CommandCenter.swift */; };
		65678FCC258932B60075518C /* ShadowButton.swift in Sources */ = {isa = PBXBuildFile; fileRef = 65678FCB258932B60075518C /* ShadowButton.swift */; };
		656807392593733500D09CBE /* ToggleButton.swift in Sources */ = {isa = PBXBuildFile; fileRef = 656807382593733500D09CBE /* ToggleButton.swift */; };
		6568E648258F50F8009390D5 /* TimerManager.swift in Sources */ = {isa = PBXBuildFile; fileRef = 6568E647258F50F8009390D5 /* TimerManager.swift */; };
		65699FFC253C3706000E7F95 /* subliminalMakerBackground.png in Resources */ = {isa = PBXBuildFile; fileRef = 65699FFB253C3706000E7F95 /* subliminalMakerBackground.png */; };
		65699FFE253C392B000E7F95 /* help-circle.png in Resources */ = {isa = PBXBuildFile; fileRef = 65699FFD253C392B000E7F95 /* help-circle.png */; };
		6569A006253C413B000E7F95 /* ShadowView.swift in Sources */ = {isa = PBXBuildFile; fileRef = 6569A005253C413B000E7F95 /* ShadowView.swift */; };
		6569A008253C43A7000E7F95 /* plusButton.png in Resources */ = {isa = PBXBuildFile; fileRef = 6569A007253C43A7000E7F95 /* plusButton.png */; };
		6569A00A253C4834000E7F95 /* ScriptViewController.swift in Sources */ = {isa = PBXBuildFile; fileRef = 6569A009253C4834000E7F95 /* ScriptViewController.swift */; };
		656D43072594B50D0067A4D8 /* SymbolButton.swift in Sources */ = {isa = PBXBuildFile; fileRef = 656D43062594B50D0067A4D8 /* SymbolButton.swift */; };
		656D430A2594B5840067A4D8 /* SymbolImageView.swift in Sources */ = {isa = PBXBuildFile; fileRef = 656D43092594B5840067A4D8 /* SymbolImageView.swift */; };
		656D430D2594B5F30067A4D8 /* VolumeSlider.swift in Sources */ = {isa = PBXBuildFile; fileRef = 656D430C2594B5F30067A4D8 /* VolumeSlider.swift */; };
		656D43102594B66C0067A4D8 /* SectionLabel.swift in Sources */ = {isa = PBXBuildFile; fileRef = 656D430F2594B66C0067A4D8 /* SectionLabel.swift */; };
		656D43162594BEBA0067A4D8 /* VolumeViewController.swift in Sources */ = {isa = PBXBuildFile; fileRef = 656D43152594BEBA0067A4D8 /* VolumeViewController.swift */; };
		656D431E2594CF450067A4D8 /* AudioExtensions.swift in Sources */ = {isa = PBXBuildFile; fileRef = 656D431D2594CF450067A4D8 /* AudioExtensions.swift */; };
		656D43212594E0900067A4D8 /* Switch.swift in Sources */ = {isa = PBXBuildFile; fileRef = 656D43202594E0900067A4D8 /* Switch.swift */; };
		656D43242594E3790067A4D8 /* SpectrumViewController.swift in Sources */ = {isa = PBXBuildFile; fileRef = 656D43232594E3790067A4D8 /* SpectrumViewController.swift */; };
		657AA0C6258F544200320465 /* Misc.swift in Sources */ = {isa = PBXBuildFile; fileRef = 657AA0C5258F544200320465 /* Misc.swift */; };
		6598C2F0259106FC0042A7E1 /* PlayerStateMachine.swift in Sources */ = {isa = PBXBuildFile; fileRef = 6598C2EF259106FC0042A7E1 /* PlayerStateMachine.swift */; };
		65A169C2257C1693005D179A /* RoundedView.swift in Sources */ = {isa = PBXBuildFile; fileRef = 65A169C0257C1693005D179A /* RoundedView.swift */; };
		65A8405725611EA50072531F /* subliminalMakerTeaser.png in Resources */ = {isa = PBXBuildFile; fileRef = 65A8405525611EA50072531F /* subliminalMakerTeaser.png */; };
		65A8405825611EA50072531F /* subliminalPlayerTeaser.png in Resources */ = {isa = PBXBuildFile; fileRef = 65A8405625611EA50072531F /* subliminalPlayerTeaser.png */; };
		65A8405B25612D1B0072531F /* PlayerMakerChoiceViewController.swift in Sources */ = {isa = PBXBuildFile; fileRef = 65A8405A25612D1B0072531F /* PlayerMakerChoiceViewController.swift */; };
		65A8405E2561325E0072531F /* SubliminalPlayerViewController.swift in Sources */ = {isa = PBXBuildFile; fileRef = 65A8405D2561325E0072531F /* SubliminalPlayerViewController.swift */; };
		65A8406525616CEF0072531F /* subliminalPlayerBackground.png in Resources */ = {isa = PBXBuildFile; fileRef = 65A8406425616CEF0072531F /* subliminalPlayerBackground.png */; };
		65C6E648259A2F630046E739 /* bell.aiff in Resources */ = {isa = PBXBuildFile; fileRef = 65C6E647259A2F630046E739 /* bell.aiff */; };
		65C6E64B259A77CC0046E739 /* RewindButton.swift in Sources */ = {isa = PBXBuildFile; fileRef = 65C6E64A259A77CC0046E739 /* RewindButton.swift */; };
		65C6E64F259B4C460046E739 /* TimerButton.swift in Sources */ = {isa = PBXBuildFile; fileRef = 65C6E64E259B4C460046E739 /* TimerButton.swift */; };
		65D561C52595F66E00FC039C /* BackButton.swift in Sources */ = {isa = PBXBuildFile; fileRef = 65D561C42595F66E00FC039C /* BackButton.swift */; };
		65D561C92595F94E00FC039C /* AudioSessionManager.swift in Sources */ = {isa = PBXBuildFile; fileRef = 65D561C82595F94E00FC039C /* AudioSessionManager.swift */; };
		65D561D12597517D00FC039C /* AudioHelper.swift in Sources */ = {isa = PBXBuildFile; fileRef = 65D561D02597517D00FC039C /* AudioHelper.swift */; };
		65D561D9259761FE00FC039C /* PlayButton.swift in Sources */ = {isa = PBXBuildFile; fileRef = 65D561D8259761FE00FC039C /* PlayButton.swift */; };
		65D561E22598D53C00FC039C /* MakerStateMachine.swift in Sources */ = {isa = PBXBuildFile; fileRef = 65D561E12598D53C00FC039C /* MakerStateMachine.swift */; };
		65D561E52598D7D000FC039C /* RecordButton.swift in Sources */ = {isa = PBXBuildFile; fileRef = 65D561E42598D7D000FC039C /* RecordButton.swift */; };
		65DDE232258BC1560082BD99 /* ShadowLabel.swift in Sources */ = {isa = PBXBuildFile; fileRef = 65DDE231258BC1560082BD99 /* ShadowLabel.swift */; };
		65F0727C25445673004C8BA3 /* AVFoundation.framework in Frameworks */ = {isa = PBXBuildFile; fileRef = 65F0727B25445673004C8BA3 /* AVFoundation.framework */; };
		65F072812544615D004C8BA3 /* startRecordingButton.png in Resources */ = {isa = PBXBuildFile; fileRef = 65F0727E2544615D004C8BA3 /* startRecordingButton.png */; };
		65F072832544615D004C8BA3 /* stopRecordingButton.png in Resources */ = {isa = PBXBuildFile; fileRef = 65F072802544615D004C8BA3 /* stopRecordingButton.png */; };
		D5699EB9B61FA9AE58375DE2 /* Pods_FREE_UR_SPIRIT.framework in Frameworks */ = {isa = PBXBuildFile; fileRef = 2754100ED5D10EB29C180787 /* Pods_FREE_UR_SPIRIT.framework */; };
/* End PBXBuildFile section */

/* Begin PBXFileReference section */
		2754100ED5D10EB29C180787 /* Pods_FREE_UR_SPIRIT.framework */ = {isa = PBXFileReference; explicitFileType = wrapper.framework; includeInIndex = 0; path = Pods_FREE_UR_SPIRIT.framework; sourceTree = BUILT_PRODUCTS_DIR; };
		652D5C592546B6170083165B /* Accelerate.framework */ = {isa = PBXFileReference; lastKnownFileType = wrapper.framework; name = Accelerate.framework; path = System/Library/Frameworks/Accelerate.framework; sourceTree = SDKROOT; };
		653BA539258E2DFF004A0BA7 /* TimerViewController.swift */ = {isa = PBXFileReference; lastKnownFileType = sourcecode.swift; path = TimerViewController.swift; sourceTree = "<group>"; };
		653BA541258E69EB004A0BA7 /* SetDurationViewController.swift */ = {isa = PBXFileReference; lastKnownFileType = sourcecode.swift; path = SetDurationViewController.swift; sourceTree = "<group>"; };
		653BA544258E69FC004A0BA7 /* SetEndtimeViewController.swift */ = {isa = PBXFileReference; lastKnownFileType = sourcecode.swift; path = SetEndtimeViewController.swift; sourceTree = "<group>"; };
		654F42CD258623C10065D490 /* intro.aiff */ = {isa = PBXFileReference; lastKnownFileType = audio.aiff; path = intro.aiff; sourceTree = "<group>"; };
		654F42CE258623C10065D490 /* outro.aiff */ = {isa = PBXFileReference; lastKnownFileType = audio.aiff; path = outro.aiff; sourceTree = "<group>"; };
		6558D30524684934004E8660 /* FREE UR SPIRIT.app */ = {isa = PBXFileReference; explicitFileType = wrapper.application; includeInIndex = 0; path = "FREE UR SPIRIT.app"; sourceTree = BUILT_PRODUCTS_DIR; };
		6558D30824684934004E8660 /* AppDelegate.swift */ = {isa = PBXFileReference; lastKnownFileType = sourcecode.swift; path = AppDelegate.swift; sourceTree = "<group>"; };
		6558D30A24684934004E8660 /* SceneDelegate.swift */ = {isa = PBXFileReference; lastKnownFileType = sourcecode.swift; path = SceneDelegate.swift; sourceTree = "<group>"; };
		6558D30C24684934004E8660 /* SubliminalMakerViewController.swift */ = {isa = PBXFileReference; lastKnownFileType = sourcecode.swift; path = SubliminalMakerViewController.swift; sourceTree = "<group>"; };
		6558D30F24684934004E8660 /* Base */ = {isa = PBXFileReference; lastKnownFileType = file.storyboard; name = Base; path = Base.lproj/Main.storyboard; sourceTree = "<group>"; };
		6558D31124684935004E8660 /* Assets.xcassets */ = {isa = PBXFileReference; lastKnownFileType = folder.assetcatalog; path = Assets.xcassets; sourceTree = "<group>"; };
		6558D31424684935004E8660 /* Base */ = {isa = PBXFileReference; lastKnownFileType = file.storyboard; name = Base; path = Base.lproj/LaunchScreen.storyboard; sourceTree = "<group>"; };
		6558D31624684935004E8660 /* Info.plist */ = {isa = PBXFileReference; lastKnownFileType = text.plist.xml; path = Info.plist; sourceTree = "<group>"; };
		6563E03625763C6C000E261B /* SignalProcessing.swift */ = {isa = PBXFileReference; fileEncoding = 4; lastKnownFileType = sourcecode.swift; path = SignalProcessing.swift; sourceTree = "<group>"; };
		6563E03A257691CE000E261B /* Constants.swift */ = {isa = PBXFileReference; lastKnownFileType = sourcecode.swift; path = Constants.swift; sourceTree = "<group>"; };
		656654AD2595F36700DB03DC /* CommandCenter.swift */ = {isa = PBXFileReference; lastKnownFileType = sourcecode.swift; path = CommandCenter.swift; sourceTree = "<group>"; };
		65678FCB258932B60075518C /* ShadowButton.swift */ = {isa = PBXFileReference; lastKnownFileType = sourcecode.swift; path = ShadowButton.swift; sourceTree = "<group>"; };
		656807382593733500D09CBE /* ToggleButton.swift */ = {isa = PBXFileReference; lastKnownFileType = sourcecode.swift; path = ToggleButton.swift; sourceTree = "<group>"; };
		6568E647258F50F8009390D5 /* TimerManager.swift */ = {isa = PBXFileReference; lastKnownFileType = sourcecode.swift; path = TimerManager.swift; sourceTree = "<group>"; };
		65699FFB253C3706000E7F95 /* subliminalMakerBackground.png */ = {isa = PBXFileReference; lastKnownFileType = image.png; path = subliminalMakerBackground.png; sourceTree = "<group>"; };
		65699FFD253C392B000E7F95 /* help-circle.png */ = {isa = PBXFileReference; lastKnownFileType = image.png; path = "help-circle.png"; sourceTree = "<group>"; };
		6569A005253C413B000E7F95 /* ShadowView.swift */ = {isa = PBXFileReference; lastKnownFileType = sourcecode.swift; path = ShadowView.swift; sourceTree = "<group>"; };
		6569A007253C43A7000E7F95 /* plusButton.png */ = {isa = PBXFileReference; lastKnownFileType = image.png; path = plusButton.png; sourceTree = "<group>"; };
		6569A009253C4834000E7F95 /* ScriptViewController.swift */ = {isa = PBXFileReference; lastKnownFileType = sourcecode.swift; path = ScriptViewController.swift; sourceTree = "<group>"; };
		656D43062594B50D0067A4D8 /* SymbolButton.swift */ = {isa = PBXFileReference; lastKnownFileType = sourcecode.swift; path = SymbolButton.swift; sourceTree = "<group>"; };
		656D43092594B5840067A4D8 /* SymbolImageView.swift */ = {isa = PBXFileReference; lastKnownFileType = sourcecode.swift; path = SymbolImageView.swift; sourceTree = "<group>"; };
		656D430C2594B5F30067A4D8 /* VolumeSlider.swift */ = {isa = PBXFileReference; lastKnownFileType = sourcecode.swift; path = VolumeSlider.swift; sourceTree = "<group>"; };
		656D430F2594B66C0067A4D8 /* SectionLabel.swift */ = {isa = PBXFileReference; lastKnownFileType = sourcecode.swift; path = SectionLabel.swift; sourceTree = "<group>"; };
		656D43152594BEBA0067A4D8 /* VolumeViewController.swift */ = {isa = PBXFileReference; lastKnownFileType = sourcecode.swift; path = VolumeViewController.swift; sourceTree = "<group>"; };
		656D431D2594CF450067A4D8 /* AudioExtensions.swift */ = {isa = PBXFileReference; lastKnownFileType = sourcecode.swift; path = AudioExtensions.swift; sourceTree = "<group>"; };
		656D43202594E0900067A4D8 /* Switch.swift */ = {isa = PBXFileReference; lastKnownFileType = sourcecode.swift; path = Switch.swift; sourceTree = "<group>"; };
		656D43232594E3790067A4D8 /* SpectrumViewController.swift */ = {isa = PBXFileReference; lastKnownFileType = sourcecode.swift; path = SpectrumViewController.swift; sourceTree = "<group>"; };
		657AA0C5258F544200320465 /* Misc.swift */ = {isa = PBXFileReference; lastKnownFileType = sourcecode.swift; path = Misc.swift; sourceTree = "<group>"; };
		6598C2EF259106FC0042A7E1 /* PlayerStateMachine.swift */ = {isa = PBXFileReference; lastKnownFileType = sourcecode.swift; path = PlayerStateMachine.swift; sourceTree = "<group>"; };
		65A169C0257C1693005D179A /* RoundedView.swift */ = {isa = PBXFileReference; fileEncoding = 4; lastKnownFileType = sourcecode.swift; path = RoundedView.swift; sourceTree = "<group>"; };
		65A8405525611EA50072531F /* subliminalMakerTeaser.png */ = {isa = PBXFileReference; lastKnownFileType = image.png; path = subliminalMakerTeaser.png; sourceTree = "<group>"; };
		65A8405625611EA50072531F /* subliminalPlayerTeaser.png */ = {isa = PBXFileReference; lastKnownFileType = image.png; path = subliminalPlayerTeaser.png; sourceTree = "<group>"; };
		65A8405A25612D1B0072531F /* PlayerMakerChoiceViewController.swift */ = {isa = PBXFileReference; lastKnownFileType = sourcecode.swift; path = PlayerMakerChoiceViewController.swift; sourceTree = "<group>"; };
		65A8405D2561325E0072531F /* SubliminalPlayerViewController.swift */ = {isa = PBXFileReference; lastKnownFileType = sourcecode.swift; path = SubliminalPlayerViewController.swift; sourceTree = "<group>"; };
		65A8406425616CEF0072531F /* subliminalPlayerBackground.png */ = {isa = PBXFileReference; lastKnownFileType = image.png; path = subliminalPlayerBackground.png; sourceTree = "<group>"; };
		65A8406A25618DBA0072531F /* moonIcon.png */ = {isa = PBXFileReference; lastKnownFileType = image.png; path = moonIcon.png; sourceTree = "<group>"; };
		65A8406C25618DBB0072531F /* noneIcon.png */ = {isa = PBXFileReference; lastKnownFileType = image.png; path = noneIcon.png; sourceTree = "<group>"; };
		65C6E647259A2F630046E739 /* bell.aiff */ = {isa = PBXFileReference; lastKnownFileType = audio.aiff; path = bell.aiff; sourceTree = "<group>"; };
		65C6E64A259A77CC0046E739 /* RewindButton.swift */ = {isa = PBXFileReference; lastKnownFileType = sourcecode.swift; path = RewindButton.swift; sourceTree = "<group>"; };
		65C6E64E259B4C460046E739 /* TimerButton.swift */ = {isa = PBXFileReference; lastKnownFileType = sourcecode.swift; path = TimerButton.swift; sourceTree = "<group>"; };
		65D561C42595F66E00FC039C /* BackButton.swift */ = {isa = PBXFileReference; lastKnownFileType = sourcecode.swift; path = BackButton.swift; sourceTree = "<group>"; };
		65D561C82595F94E00FC039C /* AudioSessionManager.swift */ = {isa = PBXFileReference; lastKnownFileType = sourcecode.swift; path = AudioSessionManager.swift; sourceTree = "<group>"; };
		65D561D02597517D00FC039C /* AudioHelper.swift */ = {isa = PBXFileReference; lastKnownFileType = sourcecode.swift; path = AudioHelper.swift; sourceTree = "<group>"; };
		65D561D8259761FE00FC039C /* PlayButton.swift */ = {isa = PBXFileReference; lastKnownFileType = sourcecode.swift; path = PlayButton.swift; sourceTree = "<group>"; };
		65D561E12598D53C00FC039C /* MakerStateMachine.swift */ = {isa = PBXFileReference; lastKnownFileType = sourcecode.swift; path = MakerStateMachine.swift; sourceTree = "<group>"; };
		65D561E42598D7D000FC039C /* RecordButton.swift */ = {isa = PBXFileReference; lastKnownFileType = sourcecode.swift; path = RecordButton.swift; sourceTree = "<group>"; };
		65DDE231258BC1560082BD99 /* ShadowLabel.swift */ = {isa = PBXFileReference; lastKnownFileType = sourcecode.swift; path = ShadowLabel.swift; sourceTree = "<group>"; };
		65F0727B25445673004C8BA3 /* AVFoundation.framework */ = {isa = PBXFileReference; lastKnownFileType = wrapper.framework; name = AVFoundation.framework; path = System/Library/Frameworks/AVFoundation.framework; sourceTree = SDKROOT; };
		65F0727E2544615D004C8BA3 /* startRecordingButton.png */ = {isa = PBXFileReference; lastKnownFileType = image.png; path = startRecordingButton.png; sourceTree = "<group>"; };
		65F0727F2544615D004C8BA3 /* stopButton.png */ = {isa = PBXFileReference; lastKnownFileType = image.png; path = stopButton.png; sourceTree = "<group>"; };
		65F072802544615D004C8BA3 /* stopRecordingButton.png */ = {isa = PBXFileReference; lastKnownFileType = image.png; path = stopRecordingButton.png; sourceTree = "<group>"; };
		7735090FCF8167CAFA13E8F5 /* Pods-FREE UR SPIRIT.debug.xcconfig */ = {isa = PBXFileReference; includeInIndex = 1; lastKnownFileType = text.xcconfig; name = "Pods-FREE UR SPIRIT.debug.xcconfig"; path = "Target Support Files/Pods-FREE UR SPIRIT/Pods-FREE UR SPIRIT.debug.xcconfig"; sourceTree = "<group>"; };
		A49085E08B0D4162C4FC852D /* Pods-FREE UR SPIRIT.release.xcconfig */ = {isa = PBXFileReference; includeInIndex = 1; lastKnownFileType = text.xcconfig; name = "Pods-FREE UR SPIRIT.release.xcconfig"; path = "Target Support Files/Pods-FREE UR SPIRIT/Pods-FREE UR SPIRIT.release.xcconfig"; sourceTree = "<group>"; };
/* End PBXFileReference section */

/* Begin PBXFrameworksBuildPhase section */
		6558D30224684934004E8660 /* Frameworks */ = {
			isa = PBXFrameworksBuildPhase;
			buildActionMask = 2147483647;
			files = (
				652D5C5A2546B6170083165B /* Accelerate.framework in Frameworks */,
				65F0727C25445673004C8BA3 /* AVFoundation.framework in Frameworks */,
				D5699EB9B61FA9AE58375DE2 /* Pods_FREE_UR_SPIRIT.framework in Frameworks */,
			);
			runOnlyForDeploymentPostprocessing = 0;
		};
/* End PBXFrameworksBuildPhase section */

/* Begin PBXGroup section */
		2AA53B5A417622581E635D17 /* Pods */ = {
			isa = PBXGroup;
			children = (
				7735090FCF8167CAFA13E8F5 /* Pods-FREE UR SPIRIT.debug.xcconfig */,
				A49085E08B0D4162C4FC852D /* Pods-FREE UR SPIRIT.release.xcconfig */,
			);
			path = Pods;
			sourceTree = "<group>";
		};
		4D7162C5A14251C1FA9FD75E /* Frameworks */ = {
			isa = PBXGroup;
			children = (
				652D5C592546B6170083165B /* Accelerate.framework */,
				65F0727B25445673004C8BA3 /* AVFoundation.framework */,
				2754100ED5D10EB29C180787 /* Pods_FREE_UR_SPIRIT.framework */,
			);
			name = Frameworks;
			sourceTree = "<group>";
		};
		6558D2FC24684934004E8660 = {
			isa = PBXGroup;
			children = (
				6558D30724684934004E8660 /* SilentSubliminals */,
				6558D30624684934004E8660 /* Products */,
				2AA53B5A417622581E635D17 /* Pods */,
				4D7162C5A14251C1FA9FD75E /* Frameworks */,
			);
			sourceTree = "<group>";
		};
		6558D30624684934004E8660 /* Products */ = {
			isa = PBXGroup;
			children = (
				6558D30524684934004E8660 /* FREE UR SPIRIT.app */,
			);
			name = Products;
			sourceTree = "<group>";
		};
		6558D30724684934004E8660 /* SilentSubliminals */ = {
			isa = PBXGroup;
			children = (
				6568E64D258F5268009390D5 /* Resources */,
				6568E64C258F5230009390D5 /* ViewControllers */,
				6568E64B258F51F3009390D5 /* Subviews */,
				6568E64A258F51E2009390D5 /* Utils */,
				65A003CC257CFB8200EADAB8 /* Soundfiles */,
				65699FF9253C36C5000E7F95 /* images */,
				6558D30824684934004E8660 /* AppDelegate.swift */,
				6558D30A24684934004E8660 /* SceneDelegate.swift */,
				6558D31624684935004E8660 /* Info.plist */,
			);
			path = SilentSubliminals;
			sourceTree = "<group>";
		};
		6568E64A258F51E2009390D5 /* Utils */ = {
			isa = PBXGroup;
			children = (
				656D431C2594CF290067A4D8 /* Extensions */,
				657AA0C7258F54C700320465 /* Singletons */,
				6563E03A257691CE000E261B /* Constants.swift */,
				6563E03625763C6C000E261B /* SignalProcessing.swift */,
				657AA0C5258F544200320465 /* Misc.swift */,
			);
			path = Utils;
			sourceTree = "<group>";
		};
		6568E64B258F51F3009390D5 /* Subviews */ = {
			isa = PBXGroup;
			children = (
				65D561D32597618100FC039C /* Buttons */,
				65D561D6259761C800FC039C /* Controls */,
				65D561D42597619800FC039C /* Labels */,
				65D561D5259761B600FC039C /* Views */,
			);
			path = Subviews;
			sourceTree = "<group>";
		};
		6568E64C258F5230009390D5 /* ViewControllers */ = {
			isa = PBXGroup;
			children = (
				65D561DB259762A700FC039C /* Modal */,
				656D43262594E3800067A4D8 /* Controls */,
				65A8405A25612D1B0072531F /* PlayerMakerChoiceViewController.swift */,
				6558D30C24684934004E8660 /* SubliminalMakerViewController.swift */,
				65A8405D2561325E0072531F /* SubliminalPlayerViewController.swift */,
				6569A009253C4834000E7F95 /* ScriptViewController.swift */,
			);
			path = ViewControllers;
			sourceTree = "<group>";
		};
		6568E64D258F5268009390D5 /* Resources */ = {
			isa = PBXGroup;
			children = (
				6558D30E24684934004E8660 /* Main.storyboard */,
				6558D31124684935004E8660 /* Assets.xcassets */,
				6558D31324684935004E8660 /* LaunchScreen.storyboard */,
			);
			path = Resources;
			sourceTree = "<group>";
		};
		65699FF9253C36C5000E7F95 /* images */ = {
			isa = PBXGroup;
			children = (
				65A8406A25618DBA0072531F /* moonIcon.png */,
				65A8406C25618DBB0072531F /* noneIcon.png */,
				6569A007253C43A7000E7F95 /* plusButton.png */,
				65F0727E2544615D004C8BA3 /* startRecordingButton.png */,
				65F0727F2544615D004C8BA3 /* stopButton.png */,
				65F072802544615D004C8BA3 /* stopRecordingButton.png */,
				65699FFD253C392B000E7F95 /* help-circle.png */,
				65A8405525611EA50072531F /* subliminalMakerTeaser.png */,
				65A8405625611EA50072531F /* subliminalPlayerTeaser.png */,
				65699FFA253C36CF000E7F95 /* background */,
			);
			path = images;
			sourceTree = "<group>";
		};
		65699FFA253C36CF000E7F95 /* background */ = {
			isa = PBXGroup;
			children = (
				65A8406425616CEF0072531F /* subliminalPlayerBackground.png */,
				65699FFB253C3706000E7F95 /* subliminalMakerBackground.png */,
			);
			path = background;
			sourceTree = "<group>";
		};
		656D431C2594CF290067A4D8 /* Extensions */ = {
			isa = PBXGroup;
			children = (
				656D431D2594CF450067A4D8 /* AudioExtensions.swift */,
			);
			path = Extensions;
			sourceTree = "<group>";
		};
		656D43262594E3800067A4D8 /* Controls */ = {
			isa = PBXGroup;
			children = (
				656D43232594E3790067A4D8 /* SpectrumViewController.swift */,
				656D43152594BEBA0067A4D8 /* VolumeViewController.swift */,
			);
			path = Controls;
			sourceTree = "<group>";
		};
		657AA0C7258F54C700320465 /* Singletons */ = {
			isa = PBXGroup;
			children = (
				65D561D02597517D00FC039C /* AudioHelper.swift */,
				6568E647258F50F8009390D5 /* TimerManager.swift */,
				65D561C82595F94E00FC039C /* AudioSessionManager.swift */,
				656654AD2595F36700DB03DC /* CommandCenter.swift */,
				6598C2EF259106FC0042A7E1 /* PlayerStateMachine.swift */,
				65D561E12598D53C00FC039C /* MakerStateMachine.swift */,
			);
			path = Singletons;
			sourceTree = "<group>";
		};
		65A003CC257CFB8200EADAB8 /* Soundfiles */ = {
			isa = PBXGroup;
			children = (
				65C6E647259A2F630046E739 /* bell.aiff */,
				654F42CD258623C10065D490 /* intro.aiff */,
				654F42CE258623C10065D490 /* outro.aiff */,
			);
			path = Soundfiles;
			sourceTree = "<group>";
		};
		65D561D32597618100FC039C /* Buttons */ = {
			isa = PBXGroup;
			children = (
				65D561C42595F66E00FC039C /* BackButton.swift */,
				65678FCB258932B60075518C /* ShadowButton.swift */,
				656807382593733500D09CBE /* ToggleButton.swift */,
				656D43062594B50D0067A4D8 /* SymbolButton.swift */,
				65D561D8259761FE00FC039C /* PlayButton.swift */,
				65D561E42598D7D000FC039C /* RecordButton.swift */,
				65C6E64A259A77CC0046E739 /* RewindButton.swift */,
				65C6E64E259B4C460046E739 /* TimerButton.swift */,
			);
			path = Buttons;
			sourceTree = "<group>";
		};
		65D561D42597619800FC039C /* Labels */ = {
			isa = PBXGroup;
			children = (
				65DDE231258BC1560082BD99 /* ShadowLabel.swift */,
				656D430F2594B66C0067A4D8 /* SectionLabel.swift */,
			);
			path = Labels;
			sourceTree = "<group>";
		};
		65D561D5259761B600FC039C /* Views */ = {
			isa = PBXGroup;
			children = (
				656D43092594B5840067A4D8 /* SymbolImageView.swift */,
				65A169C0257C1693005D179A /* RoundedView.swift */,
				6569A005253C413B000E7F95 /* ShadowView.swift */,
			);
			path = Views;
			sourceTree = "<group>";
		};
		65D561D6259761C800FC039C /* Controls */ = {
			isa = PBXGroup;
			children = (
				656D430C2594B5F30067A4D8 /* VolumeSlider.swift */,
				656D43202594E0900067A4D8 /* Switch.swift */,
			);
			path = Controls;
			sourceTree = "<group>";
		};
		65D561DB259762A700FC039C /* Modal */ = {
			isa = PBXGroup;
			children = (
				653BA539258E2DFF004A0BA7 /* TimerViewController.swift */,
				653BA541258E69EB004A0BA7 /* SetDurationViewController.swift */,
				653BA544258E69FC004A0BA7 /* SetEndtimeViewController.swift */,
			);
			path = Modal;
			sourceTree = "<group>";
		};
/* End PBXGroup section */

/* Begin PBXNativeTarget section */
		6558D30424684934004E8660 /* FREE UR SPIRIT */ = {
			isa = PBXNativeTarget;
			buildConfigurationList = 6558D31924684935004E8660 /* Build configuration list for PBXNativeTarget "FREE UR SPIRIT" */;
			buildPhases = (
				C616F599BDEDDC41447AA6E4 /* [CP] Check Pods Manifest.lock */,
				6558D30124684934004E8660 /* Sources */,
				6558D30224684934004E8660 /* Frameworks */,
				6558D30324684934004E8660 /* Resources */,
				26673845CA8B0197F3F38302 /* [CP] Embed Pods Frameworks */,
			);
			buildRules = (
			);
			dependencies = (
			);
			name = "FREE UR SPIRIT";
			productName = SilentSubliminals;
			productReference = 6558D30524684934004E8660 /* FREE UR SPIRIT.app */;
			productType = "com.apple.product-type.application";
		};
/* End PBXNativeTarget section */

/* Begin PBXProject section */
		6558D2FD24684934004E8660 /* Project object */ = {
			isa = PBXProject;
			attributes = {
				LastSwiftUpdateCheck = 1140;
				LastUpgradeCheck = 1220;
				ORGANIZATIONNAME = "Ullrich Vormbrock";
				TargetAttributes = {
					6558D30424684934004E8660 = {
						CreatedOnToolsVersion = 11.4.1;
						LastSwiftMigration = 1130;
					};
				};
			};
			buildConfigurationList = 6558D30024684934004E8660 /* Build configuration list for PBXProject "SilentSubliminals" */;
			compatibilityVersion = "Xcode 9.3";
			developmentRegion = en;
			hasScannedForEncodings = 0;
			knownRegions = (
				en,
				Base,
			);
			mainGroup = 6558D2FC24684934004E8660;
			productRefGroup = 6558D30624684934004E8660 /* Products */;
			projectDirPath = "";
			projectRoot = "";
			targets = (
				6558D30424684934004E8660 /* FREE UR SPIRIT */,
			);
		};
/* End PBXProject section */

/* Begin PBXResourcesBuildPhase section */
		6558D30324684934004E8660 /* Resources */ = {
			isa = PBXResourcesBuildPhase;
			buildActionMask = 2147483647;
			files = (
				65F072832544615D004C8BA3 /* stopRecordingButton.png in Resources */,
				65699FFE253C392B000E7F95 /* help-circle.png in Resources */,
				65F072812544615D004C8BA3 /* startRecordingButton.png in Resources */,
				65699FFC253C3706000E7F95 /* subliminalMakerBackground.png in Resources */,
				65A8406525616CEF0072531F /* subliminalPlayerBackground.png in Resources */,
				6569A008253C43A7000E7F95 /* plusButton.png in Resources */,
				654F42D0258623C10065D490 /* outro.aiff in Resources */,
				6558D31524684935004E8660 /* LaunchScreen.storyboard in Resources */,
				6558D31224684935004E8660 /* Assets.xcassets in Resources */,
				654F42CF258623C10065D490 /* intro.aiff in Resources */,
				65C6E648259A2F630046E739 /* bell.aiff in Resources */,
				65A8405725611EA50072531F /* subliminalMakerTeaser.png in Resources */,
				65A8405825611EA50072531F /* subliminalPlayerTeaser.png in Resources */,
				6558D31024684934004E8660 /* Main.storyboard in Resources */,
			);
			runOnlyForDeploymentPostprocessing = 0;
		};
/* End PBXResourcesBuildPhase section */

/* Begin PBXShellScriptBuildPhase section */
		26673845CA8B0197F3F38302 /* [CP] Embed Pods Frameworks */ = {
			isa = PBXShellScriptBuildPhase;
			buildActionMask = 2147483647;
			files = (
			);
			inputFileListPaths = (
				"${PODS_ROOT}/Target Support Files/Pods-FREE UR SPIRIT/Pods-FREE UR SPIRIT-frameworks-${CONFIGURATION}-input-files.xcfilelist",
			);
			name = "[CP] Embed Pods Frameworks";
			outputFileListPaths = (
				"${PODS_ROOT}/Target Support Files/Pods-FREE UR SPIRIT/Pods-FREE UR SPIRIT-frameworks-${CONFIGURATION}-output-files.xcfilelist",
			);
			runOnlyForDeploymentPostprocessing = 0;
			shellPath = /bin/sh;
			shellScript = "\"${PODS_ROOT}/Target Support Files/Pods-FREE UR SPIRIT/Pods-FREE UR SPIRIT-frameworks.sh\"\n";
			showEnvVarsInLog = 0;
		};
		C616F599BDEDDC41447AA6E4 /* [CP] Check Pods Manifest.lock */ = {
			isa = PBXShellScriptBuildPhase;
			buildActionMask = 2147483647;
			files = (
			);
			inputFileListPaths = (
			);
			inputPaths = (
				"${PODS_PODFILE_DIR_PATH}/Podfile.lock",
				"${PODS_ROOT}/Manifest.lock",
			);
			name = "[CP] Check Pods Manifest.lock";
			outputFileListPaths = (
			);
			outputPaths = (
				"$(DERIVED_FILE_DIR)/Pods-FREE UR SPIRIT-checkManifestLockResult.txt",
			);
			runOnlyForDeploymentPostprocessing = 0;
			shellPath = /bin/sh;
			shellScript = "diff \"${PODS_PODFILE_DIR_PATH}/Podfile.lock\" \"${PODS_ROOT}/Manifest.lock\" > /dev/null\nif [ $? != 0 ] ; then\n    # print error to STDERR\n    echo \"error: The sandbox is not in sync with the Podfile.lock. Run 'pod install' or update your CocoaPods installation.\" >&2\n    exit 1\nfi\n# This output is used by Xcode 'outputs' to avoid re-running this script phase.\necho \"SUCCESS\" > \"${SCRIPT_OUTPUT_FILE_0}\"\n";
			showEnvVarsInLog = 0;
		};
/* End PBXShellScriptBuildPhase section */

/* Begin PBXSourcesBuildPhase section */
		6558D30124684934004E8660 /* Sources */ = {
			isa = PBXSourcesBuildPhase;
			buildActionMask = 2147483647;
			files = (
				653BA545258E69FC004A0BA7 /* SetEndtimeViewController.swift in Sources */,
				657AA0C6258F544200320465 /* Misc.swift in Sources */,
				656D43242594E3790067A4D8 /* SpectrumViewController.swift in Sources */,
				656807392593733500D09CBE /* ToggleButton.swift in Sources */,
				6568E648258F50F8009390D5 /* TimerManager.swift in Sources */,
				65D561D9259761FE00FC039C /* PlayButton.swift in Sources */,
				656D430D2594B5F30067A4D8 /* VolumeSlider.swift in Sources */,
				656D431E2594CF450067A4D8 /* AudioExtensions.swift in Sources */,
				65A8405B25612D1B0072531F /* PlayerMakerChoiceViewController.swift in Sources */,
				656D43162594BEBA0067A4D8 /* VolumeViewController.swift in Sources */,
				65678FCC258932B60075518C /* ShadowButton.swift in Sources */,
				65DDE232258BC1560082BD99 /* ShadowLabel.swift in Sources */,
				653BA542258E69EB004A0BA7 /* SetDurationViewController.swift in Sources */,
				6563E03725763C6C000E261B /* SignalProcessing.swift in Sources */,
				656D43102594B66C0067A4D8 /* SectionLabel.swift in Sources */,
				65D561C52595F66E00FC039C /* BackButton.swift in Sources */,
				6569A006253C413B000E7F95 /* ShadowView.swift in Sources */,
				6563E03B257691CE000E261B /* Constants.swift in Sources */,
				6558D30D24684934004E8660 /* SubliminalMakerViewController.swift in Sources */,
				65A169C2257C1693005D179A /* RoundedView.swift in Sources */,
				6558D30924684934004E8660 /* AppDelegate.swift in Sources */,
				65C6E64F259B4C460046E739 /* TimerButton.swift in Sources */,
				65D561C92595F94E00FC039C /* AudioSessionManager.swift in Sources */,
				65D561E22598D53C00FC039C /* MakerStateMachine.swift in Sources */,
				656D430A2594B5840067A4D8 /* SymbolImageView.swift in Sources */,
				65D561E52598D7D000FC039C /* RecordButton.swift in Sources */,
				6598C2F0259106FC0042A7E1 /* PlayerStateMachine.swift in Sources */,
				653BA53A258E2DFF004A0BA7 /* TimerViewController.swift in Sources */,
				656D43212594E0900067A4D8 /* Switch.swift in Sources */,
				6558D30B24684934004E8660 /* SceneDelegate.swift in Sources */,
				6569A00A253C4834000E7F95 /* ScriptViewController.swift in Sources */,
				65A8405E2561325E0072531F /* SubliminalPlayerViewController.swift in Sources */,
				656D43072594B50D0067A4D8 /* SymbolButton.swift in Sources */,
				65D561D12597517D00FC039C /* AudioHelper.swift in Sources */,
				65C6E64B259A77CC0046E739 /* RewindButton.swift in Sources */,
				656654AE2595F36700DB03DC /* CommandCenter.swift in Sources */,
			);
			runOnlyForDeploymentPostprocessing = 0;
		};
/* End PBXSourcesBuildPhase section */

/* Begin PBXVariantGroup section */
		6558D30E24684934004E8660 /* Main.storyboard */ = {
			isa = PBXVariantGroup;
			children = (
				6558D30F24684934004E8660 /* Base */,
			);
			name = Main.storyboard;
			sourceTree = "<group>";
		};
		6558D31324684935004E8660 /* LaunchScreen.storyboard */ = {
			isa = PBXVariantGroup;
			children = (
				6558D31424684935004E8660 /* Base */,
			);
			name = LaunchScreen.storyboard;
			sourceTree = "<group>";
		};
/* End PBXVariantGroup section */

/* Begin XCBuildConfiguration section */
		6558D31724684935004E8660 /* Debug */ = {
			isa = XCBuildConfiguration;
			buildSettings = {
				ALWAYS_SEARCH_USER_PATHS = NO;
				CLANG_ANALYZER_NONNULL = YES;
				CLANG_ANALYZER_NUMBER_OBJECT_CONVERSION = YES_AGGRESSIVE;
				CLANG_CXX_LANGUAGE_STANDARD = "gnu++14";
				CLANG_CXX_LIBRARY = "libc++";
				CLANG_ENABLE_MODULES = YES;
				CLANG_ENABLE_OBJC_ARC = YES;
				CLANG_ENABLE_OBJC_WEAK = YES;
				CLANG_WARN_BLOCK_CAPTURE_AUTORELEASING = YES;
				CLANG_WARN_BOOL_CONVERSION = YES;
				CLANG_WARN_COMMA = YES;
				CLANG_WARN_CONSTANT_CONVERSION = YES;
				CLANG_WARN_DEPRECATED_OBJC_IMPLEMENTATIONS = YES;
				CLANG_WARN_DIRECT_OBJC_ISA_USAGE = YES_ERROR;
				CLANG_WARN_DOCUMENTATION_COMMENTS = YES;
				CLANG_WARN_EMPTY_BODY = YES;
				CLANG_WARN_ENUM_CONVERSION = YES;
				CLANG_WARN_INFINITE_RECURSION = YES;
				CLANG_WARN_INT_CONVERSION = YES;
				CLANG_WARN_NON_LITERAL_NULL_CONVERSION = YES;
				CLANG_WARN_OBJC_IMPLICIT_RETAIN_SELF = YES;
				CLANG_WARN_OBJC_LITERAL_CONVERSION = YES;
				CLANG_WARN_OBJC_ROOT_CLASS = YES_ERROR;
				CLANG_WARN_QUOTED_INCLUDE_IN_FRAMEWORK_HEADER = YES;
				CLANG_WARN_RANGE_LOOP_ANALYSIS = YES;
				CLANG_WARN_STRICT_PROTOTYPES = YES;
				CLANG_WARN_SUSPICIOUS_MOVE = YES;
				CLANG_WARN_UNGUARDED_AVAILABILITY = YES_AGGRESSIVE;
				CLANG_WARN_UNREACHABLE_CODE = YES;
				CLANG_WARN__DUPLICATE_METHOD_MATCH = YES;
				COPY_PHASE_STRIP = NO;
				DEBUG_INFORMATION_FORMAT = dwarf;
				ENABLE_STRICT_OBJC_MSGSEND = YES;
				ENABLE_TESTABILITY = YES;
				GCC_C_LANGUAGE_STANDARD = gnu11;
				GCC_DYNAMIC_NO_PIC = NO;
				GCC_NO_COMMON_BLOCKS = YES;
				GCC_OPTIMIZATION_LEVEL = 0;
				GCC_PREPROCESSOR_DEFINITIONS = (
					"DEBUG=1",
					"$(inherited)",
				);
				GCC_WARN_64_TO_32_BIT_CONVERSION = YES;
				GCC_WARN_ABOUT_RETURN_TYPE = YES_ERROR;
				GCC_WARN_UNDECLARED_SELECTOR = YES;
				GCC_WARN_UNINITIALIZED_AUTOS = YES_AGGRESSIVE;
				GCC_WARN_UNUSED_FUNCTION = YES;
				GCC_WARN_UNUSED_VARIABLE = YES;
				IPHONEOS_DEPLOYMENT_TARGET = 14.0;
				MTL_ENABLE_DEBUG_INFO = INCLUDE_SOURCE;
				MTL_FAST_MATH = YES;
				ONLY_ACTIVE_ARCH = YES;
				SDKROOT = iphoneos;
				SWIFT_ACTIVE_COMPILATION_CONDITIONS = DEBUG;
				SWIFT_OPTIMIZATION_LEVEL = "-Onone";
			};
			name = Debug;
		};
		6558D31824684935004E8660 /* Release */ = {
			isa = XCBuildConfiguration;
			buildSettings = {
				ALWAYS_SEARCH_USER_PATHS = NO;
				CLANG_ANALYZER_NONNULL = YES;
				CLANG_ANALYZER_NUMBER_OBJECT_CONVERSION = YES_AGGRESSIVE;
				CLANG_CXX_LANGUAGE_STANDARD = "gnu++14";
				CLANG_CXX_LIBRARY = "libc++";
				CLANG_ENABLE_MODULES = YES;
				CLANG_ENABLE_OBJC_ARC = YES;
				CLANG_ENABLE_OBJC_WEAK = YES;
				CLANG_WARN_BLOCK_CAPTURE_AUTORELEASING = YES;
				CLANG_WARN_BOOL_CONVERSION = YES;
				CLANG_WARN_COMMA = YES;
				CLANG_WARN_CONSTANT_CONVERSION = YES;
				CLANG_WARN_DEPRECATED_OBJC_IMPLEMENTATIONS = YES;
				CLANG_WARN_DIRECT_OBJC_ISA_USAGE = YES_ERROR;
				CLANG_WARN_DOCUMENTATION_COMMENTS = YES;
				CLANG_WARN_EMPTY_BODY = YES;
				CLANG_WARN_ENUM_CONVERSION = YES;
				CLANG_WARN_INFINITE_RECURSION = YES;
				CLANG_WARN_INT_CONVERSION = YES;
				CLANG_WARN_NON_LITERAL_NULL_CONVERSION = YES;
				CLANG_WARN_OBJC_IMPLICIT_RETAIN_SELF = YES;
				CLANG_WARN_OBJC_LITERAL_CONVERSION = YES;
				CLANG_WARN_OBJC_ROOT_CLASS = YES_ERROR;
				CLANG_WARN_QUOTED_INCLUDE_IN_FRAMEWORK_HEADER = YES;
				CLANG_WARN_RANGE_LOOP_ANALYSIS = YES;
				CLANG_WARN_STRICT_PROTOTYPES = YES;
				CLANG_WARN_SUSPICIOUS_MOVE = YES;
				CLANG_WARN_UNGUARDED_AVAILABILITY = YES_AGGRESSIVE;
				CLANG_WARN_UNREACHABLE_CODE = YES;
				CLANG_WARN__DUPLICATE_METHOD_MATCH = YES;
				COPY_PHASE_STRIP = NO;
				DEBUG_INFORMATION_FORMAT = "dwarf-with-dsym";
				ENABLE_NS_ASSERTIONS = NO;
				ENABLE_STRICT_OBJC_MSGSEND = YES;
				GCC_C_LANGUAGE_STANDARD = gnu11;
				GCC_NO_COMMON_BLOCKS = YES;
				GCC_WARN_64_TO_32_BIT_CONVERSION = YES;
				GCC_WARN_ABOUT_RETURN_TYPE = YES_ERROR;
				GCC_WARN_UNDECLARED_SELECTOR = YES;
				GCC_WARN_UNINITIALIZED_AUTOS = YES_AGGRESSIVE;
				GCC_WARN_UNUSED_FUNCTION = YES;
				GCC_WARN_UNUSED_VARIABLE = YES;
				IPHONEOS_DEPLOYMENT_TARGET = 14.0;
				MTL_ENABLE_DEBUG_INFO = NO;
				MTL_FAST_MATH = YES;
				SDKROOT = iphoneos;
				SWIFT_COMPILATION_MODE = wholemodule;
				SWIFT_OPTIMIZATION_LEVEL = "-O";
				VALIDATE_PRODUCT = YES;
			};
			name = Release;
		};
		6558D31A24684935004E8660 /* Debug */ = {
			isa = XCBuildConfiguration;
			baseConfigurationReference = 7735090FCF8167CAFA13E8F5 /* Pods-FREE UR SPIRIT.debug.xcconfig */;
			buildSettings = {
				ASSETCATALOG_COMPILER_APPICON_NAME = AppIcon;
				CLANG_ENABLE_MODULES = YES;
				CODE_SIGN_IDENTITY = "Apple Development";
				CODE_SIGN_STYLE = Automatic;
				DEVELOPMENT_TEAM = P2EQM7YAFH;
				INFOPLIST_FILE = SilentSubliminals/Info.plist;
				IPHONEOS_DEPLOYMENT_TARGET = 14.0;
				LD_RUNPATH_SEARCH_PATHS = (
					"$(inherited)",
					"@executable_path/Frameworks",
				);
				PRODUCT_BUNDLE_IDENTIFIER = ch.vormbrock.SilentSubliminals;
				PRODUCT_NAME = "$(TARGET_NAME)";
				PROVISIONING_PROFILE_SPECIFIER = "";
				SWIFT_INSTALL_OBJC_HEADER = NO;
				SWIFT_OPTIMIZATION_LEVEL = "-Onone";
				SWIFT_VERSION = 5.0;
				TARGETED_DEVICE_FAMILY = "1,2";
			};
			name = Debug;
		};
		6558D31B24684935004E8660 /* Release */ = {
			isa = XCBuildConfiguration;
			baseConfigurationReference = A49085E08B0D4162C4FC852D /* Pods-FREE UR SPIRIT.release.xcconfig */;
			buildSettings = {
				ASSETCATALOG_COMPILER_APPICON_NAME = AppIcon;
				CLANG_ENABLE_MODULES = YES;
				CODE_SIGN_IDENTITY = "Apple Development";
				CODE_SIGN_STYLE = Automatic;
				DEVELOPMENT_TEAM = P2EQM7YAFH;
				INFOPLIST_FILE = SilentSubliminals/Info.plist;
				IPHONEOS_DEPLOYMENT_TARGET = 14.0;
				LD_RUNPATH_SEARCH_PATHS = (
					"$(inherited)",
					"@executable_path/Frameworks",
				);
				PRODUCT_BUNDLE_IDENTIFIER = ch.vormbrock.SilentSubliminals;
				PRODUCT_NAME = "$(TARGET_NAME)";
				PROVISIONING_PROFILE_SPECIFIER = "";
				SWIFT_INSTALL_OBJC_HEADER = NO;
				SWIFT_VERSION = 5.0;
				TARGETED_DEVICE_FAMILY = "1,2";
			};
			name = Release;
		};
/* End XCBuildConfiguration section */

/* Begin XCConfigurationList section */
		6558D30024684934004E8660 /* Build configuration list for PBXProject "SilentSubliminals" */ = {
			isa = XCConfigurationList;
			buildConfigurations = (
				6558D31724684935004E8660 /* Debug */,
				6558D31824684935004E8660 /* Release */,
			);
			defaultConfigurationIsVisible = 0;
			defaultConfigurationName = Release;
		};
		6558D31924684935004E8660 /* Build configuration list for PBXNativeTarget "FREE UR SPIRIT" */ = {
			isa = XCConfigurationList;
			buildConfigurations = (
				6558D31A24684935004E8660 /* Debug */,
				6558D31B24684935004E8660 /* Release */,
			);
			defaultConfigurationIsVisible = 0;
			defaultConfigurationName = Release;
		};
/* End XCConfigurationList section */
	};
	rootObject = 6558D2FD24684934004E8660 /* Project object */;
}
