// !$*UTF8*$!
{
	archiveVersion = 1;
	classes = {
	};
	objectVersion = 50;
	objects = {

/* Begin PBXBuildFile section */
		6558D30924684934004E8660 /* AppDelegate.swift in Sources */ = {isa = PBXBuildFile; fileRef = 6558D30824684934004E8660 /* AppDelegate.swift */; };
		6558D30B24684934004E8660 /* SceneDelegate.swift in Sources */ = {isa = PBXBuildFile; fileRef = 6558D30A24684934004E8660 /* SceneDelegate.swift */; };
		6558D30D24684934004E8660 /* ViewController.swift in Sources */ = {isa = PBXBuildFile; fileRef = 6558D30C24684934004E8660 /* ViewController.swift */; };
		6558D31024684934004E8660 /* Main.storyboard in Resources */ = {isa = PBXBuildFile; fileRef = 6558D30E24684934004E8660 /* Main.storyboard */; };
		6558D31224684935004E8660 /* Assets.xcassets in Resources */ = {isa = PBXBuildFile; fileRef = 6558D31124684935004E8660 /* Assets.xcassets */; };
		6558D31524684935004E8660 /* LaunchScreen.storyboard in Resources */ = {isa = PBXBuildFile; fileRef = 6558D31324684935004E8660 /* LaunchScreen.storyboard */; };
		6558D31D24684C01004E8660 /* affirmation_01.mp3 in Resources */ = {isa = PBXBuildFile; fileRef = 6558D31C24684C01004E8660 /* affirmation_01.mp3 */; };
		FBF96E7B2554436AB795D972 /* Pods_SilentSubliminals.framework in Frameworks */ = {isa = PBXBuildFile; fileRef = E2692244DA1A09F5117B4C66 /* Pods_SilentSubliminals.framework */; };
/* End PBXBuildFile section */

/* Begin PBXFileReference section */
		05483F9741432CA234D14692 /* Pods-SilentSubliminals.release.xcconfig */ = {isa = PBXFileReference; includeInIndex = 1; lastKnownFileType = text.xcconfig; name = "Pods-SilentSubliminals.release.xcconfig"; path = "Target Support Files/Pods-SilentSubliminals/Pods-SilentSubliminals.release.xcconfig"; sourceTree = "<group>"; };
		41E21C7A15C380A98AF70B0F /* Pods-SilentSubliminals.debug.xcconfig */ = {isa = PBXFileReference; includeInIndex = 1; lastKnownFileType = text.xcconfig; name = "Pods-SilentSubliminals.debug.xcconfig"; path = "Target Support Files/Pods-SilentSubliminals/Pods-SilentSubliminals.debug.xcconfig"; sourceTree = "<group>"; };
		6558D30524684934004E8660 /* SilentSubliminals.app */ = {isa = PBXFileReference; explicitFileType = wrapper.application; includeInIndex = 0; path = SilentSubliminals.app; sourceTree = BUILT_PRODUCTS_DIR; };
		6558D30824684934004E8660 /* AppDelegate.swift */ = {isa = PBXFileReference; lastKnownFileType = sourcecode.swift; path = AppDelegate.swift; sourceTree = "<group>"; };
		6558D30A24684934004E8660 /* SceneDelegate.swift */ = {isa = PBXFileReference; lastKnownFileType = sourcecode.swift; path = SceneDelegate.swift; sourceTree = "<group>"; };
		6558D30C24684934004E8660 /* ViewController.swift */ = {isa = PBXFileReference; lastKnownFileType = sourcecode.swift; path = ViewController.swift; sourceTree = "<group>"; };
		6558D30F24684934004E8660 /* Base */ = {isa = PBXFileReference; lastKnownFileType = file.storyboard; name = Base; path = Base.lproj/Main.storyboard; sourceTree = "<group>"; };
		6558D31124684935004E8660 /* Assets.xcassets */ = {isa = PBXFileReference; lastKnownFileType = folder.assetcatalog; path = Assets.xcassets; sourceTree = "<group>"; };
		6558D31424684935004E8660 /* Base */ = {isa = PBXFileReference; lastKnownFileType = file.storyboard; name = Base; path = Base.lproj/LaunchScreen.storyboard; sourceTree = "<group>"; };
		6558D31624684935004E8660 /* Info.plist */ = {isa = PBXFileReference; lastKnownFileType = text.plist.xml; path = Info.plist; sourceTree = "<group>"; };
		6558D31C24684C01004E8660 /* affirmation_01.mp3 */ = {isa = PBXFileReference; lastKnownFileType = audio.mp3; path = affirmation_01.mp3; sourceTree = "<group>"; };
		E2692244DA1A09F5117B4C66 /* Pods_SilentSubliminals.framework */ = {isa = PBXFileReference; explicitFileType = wrapper.framework; includeInIndex = 0; path = Pods_SilentSubliminals.framework; sourceTree = BUILT_PRODUCTS_DIR; };
/* End PBXFileReference section */

/* Begin PBXFrameworksBuildPhase section */
		6558D30224684934004E8660 /* Frameworks */ = {
			isa = PBXFrameworksBuildPhase;
			buildActionMask = 2147483647;
			files = (
				FBF96E7B2554436AB795D972 /* Pods_SilentSubliminals.framework in Frameworks */,
			);
			runOnlyForDeploymentPostprocessing = 0;
		};
/* End PBXFrameworksBuildPhase section */

/* Begin PBXGroup section */
		2AA53B5A417622581E635D17 /* Pods */ = {
			isa = PBXGroup;
			children = (
				41E21C7A15C380A98AF70B0F /* Pods-SilentSubliminals.debug.xcconfig */,
				05483F9741432CA234D14692 /* Pods-SilentSubliminals.release.xcconfig */,
			);
			path = Pods;
			sourceTree = "<group>";
		};
		6558D2FC24684934004E8660 = {
			isa = PBXGroup;
			children = (
				6558D30724684934004E8660 /* SilentSubliminals */,
				6558D30624684934004E8660 /* Products */,
				2AA53B5A417622581E635D17 /* Pods */,
				68159B7293CCF658B3D9AD72 /* Frameworks */,
			);
			sourceTree = "<group>";
		};
		6558D30624684934004E8660 /* Products */ = {
			isa = PBXGroup;
			children = (
				6558D30524684934004E8660 /* SilentSubliminals.app */,
			);
			name = Products;
			sourceTree = "<group>";
		};
		6558D30724684934004E8660 /* SilentSubliminals */ = {
			isa = PBXGroup;
			children = (
				6558D30824684934004E8660 /* AppDelegate.swift */,
				6558D30A24684934004E8660 /* SceneDelegate.swift */,
				6558D30C24684934004E8660 /* ViewController.swift */,
				6558D30E24684934004E8660 /* Main.storyboard */,
				6558D31124684935004E8660 /* Assets.xcassets */,
				6558D31324684935004E8660 /* LaunchScreen.storyboard */,
				6558D31624684935004E8660 /* Info.plist */,
				6558D31C24684C01004E8660 /* affirmation_01.mp3 */,
			);
			path = SilentSubliminals;
			sourceTree = "<group>";
		};
		68159B7293CCF658B3D9AD72 /* Frameworks */ = {
			isa = PBXGroup;
			children = (
				E2692244DA1A09F5117B4C66 /* Pods_SilentSubliminals.framework */,
			);
			name = Frameworks;
			sourceTree = "<group>";
		};
/* End PBXGroup section */

/* Begin PBXNativeTarget section */
		6558D30424684934004E8660 /* SilentSubliminals */ = {
			isa = PBXNativeTarget;
			buildConfigurationList = 6558D31924684935004E8660 /* Build configuration list for PBXNativeTarget "SilentSubliminals" */;
			buildPhases = (
				26C25B65DFBDFE0197C0F7A1 /* [CP] Check Pods Manifest.lock */,
				6558D30124684934004E8660 /* Sources */,
				6558D30224684934004E8660 /* Frameworks */,
				6558D30324684934004E8660 /* Resources */,
			);
			buildRules = (
			);
			dependencies = (
			);
			name = SilentSubliminals;
			productName = SilentSubliminals;
			productReference = 6558D30524684934004E8660 /* SilentSubliminals.app */;
			productType = "com.apple.product-type.application";
		};
/* End PBXNativeTarget section */

/* Begin PBXProject section */
		6558D2FD24684934004E8660 /* Project object */ = {
			isa = PBXProject;
			attributes = {
				LastSwiftUpdateCheck = 1140;
				LastUpgradeCheck = 1140;
				ORGANIZATIONNAME = "Ullrich Vormbrock";
				TargetAttributes = {
					6558D30424684934004E8660 = {
						CreatedOnToolsVersion = 11.4.1;
					};
				};
			};
			buildConfigurationList = 6558D30024684934004E8660 /* Build configuration list for PBXProject "SilentSubliminals" */;
			compatibilityVersion = "Xcode 9.3";
			developmentRegion = en;
			hasScannedForEncodings = 0;
			knownRegions = (
				en,
				Base,
			);
			mainGroup = 6558D2FC24684934004E8660;
			productRefGroup = 6558D30624684934004E8660 /* Products */;
			projectDirPath = "";
			projectRoot = "";
			targets = (
				6558D30424684934004E8660 /* SilentSubliminals */,
			);
		};
/* End PBXProject section */

/* Begin PBXResourcesBuildPhase section */
		6558D30324684934004E8660 /* Resources */ = {
			isa = PBXResourcesBuildPhase;
			buildActionMask = 2147483647;
			files = (
				6558D31D24684C01004E8660 /* affirmation_01.mp3 in Resources */,
				6558D31524684935004E8660 /* LaunchScreen.storyboard in Resources */,
				6558D31224684935004E8660 /* Assets.xcassets in Resources */,
				6558D31024684934004E8660 /* Main.storyboard in Resources */,
			);
			runOnlyForDeploymentPostprocessing = 0;
		};
/* End PBXResourcesBuildPhase section */

/* Begin PBXShellScriptBuildPhase section */
		26C25B65DFBDFE0197C0F7A1 /* [CP] Check Pods Manifest.lock */ = {
			isa = PBXShellScriptBuildPhase;
			buildActionMask = 2147483647;
			files = (
			);
			inputFileListPaths = (
			);
			inputPaths = (
				"${PODS_PODFILE_DIR_PATH}/Podfile.lock",
				"${PODS_ROOT}/Manifest.lock",
			);
			name = "[CP] Check Pods Manifest.lock";
			outputFileListPaths = (
			);
			outputPaths = (
				"$(DERIVED_FILE_DIR)/Pods-SilentSubliminals-checkManifestLockResult.txt",
			);
			runOnlyForDeploymentPostprocessing = 0;
			shellPath = /bin/sh;
			shellScript = "diff \"${PODS_PODFILE_DIR_PATH}/Podfile.lock\" \"${PODS_ROOT}/Manifest.lock\" > /dev/null\nif [ $? != 0 ] ; then\n    # print error to STDERR\n    echo \"error: The sandbox is not in sync with the Podfile.lock. Run 'pod install' or update your CocoaPods installation.\" >&2\n    exit 1\nfi\n# This output is used by Xcode 'outputs' to avoid re-running this script phase.\necho \"SUCCESS\" > \"${SCRIPT_OUTPUT_FILE_0}\"\n";
			showEnvVarsInLog = 0;
		};
/* End PBXShellScriptBuildPhase section */

/* Begin PBXSourcesBuildPhase section */
		6558D30124684934004E8660 /* Sources */ = {
			isa = PBXSourcesBuildPhase;
			buildActionMask = 2147483647;
			files = (
				6558D30D24684934004E8660 /* ViewController.swift in Sources */,
				6558D30924684934004E8660 /* AppDelegate.swift in Sources */,
				6558D30B24684934004E8660 /* SceneDelegate.swift in Sources */,
			);
			runOnlyForDeploymentPostprocessing = 0;
		};
/* End PBXSourcesBuildPhase section */

/* Begin PBXVariantGroup section */
		6558D30E24684934004E8660 /* Main.storyboard */ = {
			isa = PBXVariantGroup;
			children = (
				6558D30F24684934004E8660 /* Base */,
			);
			name = Main.storyboard;
			sourceTree = "<group>";
		};
		6558D31324684935004E8660 /* LaunchScreen.storyboard */ = {
			isa = PBXVariantGroup;
			children = (
				6558D31424684935004E8660 /* Base */,
			);
			name = LaunchScreen.storyboard;
			sourceTree = "<group>";
		};
/* End PBXVariantGroup section */

/* Begin XCBuildConfiguration section */
		6558D31724684935004E8660 /* Debug */ = {
			isa = XCBuildConfiguration;
			buildSettings = {
				ALWAYS_SEARCH_USER_PATHS = NO;
				CLANG_ANALYZER_NONNULL = YES;
				CLANG_ANALYZER_NUMBER_OBJECT_CONVERSION = YES_AGGRESSIVE;
				CLANG_CXX_LANGUAGE_STANDARD = "gnu++14";
				CLANG_CXX_LIBRARY = "libc++";
				CLANG_ENABLE_MODULES = YES;
				CLANG_ENABLE_OBJC_ARC = YES;
				CLANG_ENABLE_OBJC_WEAK = YES;
				CLANG_WARN_BLOCK_CAPTURE_AUTORELEASING = YES;
				CLANG_WARN_BOOL_CONVERSION = YES;
				CLANG_WARN_COMMA = YES;
				CLANG_WARN_CONSTANT_CONVERSION = YES;
				CLANG_WARN_DEPRECATED_OBJC_IMPLEMENTATIONS = YES;
				CLANG_WARN_DIRECT_OBJC_ISA_USAGE = YES_ERROR;
				CLANG_WARN_DOCUMENTATION_COMMENTS = YES;
				CLANG_WARN_EMPTY_BODY = YES;
				CLANG_WARN_ENUM_CONVERSION = YES;
				CLANG_WARN_INFINITE_RECURSION = YES;
				CLANG_WARN_INT_CONVERSION = YES;
				CLANG_WARN_NON_LITERAL_NULL_CONVERSION = YES;
				CLANG_WARN_OBJC_IMPLICIT_RETAIN_SELF = YES;
				CLANG_WARN_OBJC_LITERAL_CONVERSION = YES;
				CLANG_WARN_OBJC_ROOT_CLASS = YES_ERROR;
				CLANG_WARN_RANGE_LOOP_ANALYSIS = YES;
				CLANG_WARN_STRICT_PROTOTYPES = YES;
				CLANG_WARN_SUSPICIOUS_MOVE = YES;
				CLANG_WARN_UNGUARDED_AVAILABILITY = YES_AGGRESSIVE;
				CLANG_WARN_UNREACHABLE_CODE = YES;
				CLANG_WARN__DUPLICATE_METHOD_MATCH = YES;
				COPY_PHASE_STRIP = NO;
				DEBUG_INFORMATION_FORMAT = dwarf;
				ENABLE_STRICT_OBJC_MSGSEND = YES;
				ENABLE_TESTABILITY = YES;
				GCC_C_LANGUAGE_STANDARD = gnu11;
				GCC_DYNAMIC_NO_PIC = NO;
				GCC_NO_COMMON_BLOCKS = YES;
				GCC_OPTIMIZATION_LEVEL = 0;
				GCC_PREPROCESSOR_DEFINITIONS = (
					"DEBUG=1",
					"$(inherited)",
				);
				GCC_WARN_64_TO_32_BIT_CONVERSION = YES;
				GCC_WARN_ABOUT_RETURN_TYPE = YES_ERROR;
				GCC_WARN_UNDECLARED_SELECTOR = YES;
				GCC_WARN_UNINITIALIZED_AUTOS = YES_AGGRESSIVE;
				GCC_WARN_UNUSED_FUNCTION = YES;
				GCC_WARN_UNUSED_VARIABLE = YES;
				IPHONEOS_DEPLOYMENT_TARGET = 13.4;
				MTL_ENABLE_DEBUG_INFO = INCLUDE_SOURCE;
				MTL_FAST_MATH = YES;
				ONLY_ACTIVE_ARCH = YES;
				SDKROOT = iphoneos;
				SWIFT_ACTIVE_COMPILATION_CONDITIONS = DEBUG;
				SWIFT_OPTIMIZATION_LEVEL = "-Onone";
			};
			name = Debug;
		};
		6558D31824684935004E8660 /* Release */ = {
			isa = XCBuildConfiguration;
			buildSettings = {
				ALWAYS_SEARCH_USER_PATHS = NO;
				CLANG_ANALYZER_NONNULL = YES;
				CLANG_ANALYZER_NUMBER_OBJECT_CONVERSION = YES_AGGRESSIVE;
				CLANG_CXX_LANGUAGE_STANDARD = "gnu++14";
				CLANG_CXX_LIBRARY = "libc++";
				CLANG_ENABLE_MODULES = YES;
				CLANG_ENABLE_OBJC_ARC = YES;
				CLANG_ENABLE_OBJC_WEAK = YES;
				CLANG_WARN_BLOCK_CAPTURE_AUTORELEASING = YES;
				CLANG_WARN_BOOL_CONVERSION = YES;
				CLANG_WARN_COMMA = YES;
				CLANG_WARN_CONSTANT_CONVERSION = YES;
				CLANG_WARN_DEPRECATED_OBJC_IMPLEMENTATIONS = YES;
				CLANG_WARN_DIRECT_OBJC_ISA_USAGE = YES_ERROR;
				CLANG_WARN_DOCUMENTATION_COMMENTS = YES;
				CLANG_WARN_EMPTY_BODY = YES;
				CLANG_WARN_ENUM_CONVERSION = YES;
				CLANG_WARN_INFINITE_RECURSION = YES;
				CLANG_WARN_INT_CONVERSION = YES;
				CLANG_WARN_NON_LITERAL_NULL_CONVERSION = YES;
				CLANG_WARN_OBJC_IMPLICIT_RETAIN_SELF = YES;
				CLANG_WARN_OBJC_LITERAL_CONVERSION = YES;
				CLANG_WARN_OBJC_ROOT_CLASS = YES_ERROR;
				CLANG_WARN_RANGE_LOOP_ANALYSIS = YES;
				CLANG_WARN_STRICT_PROTOTYPES = YES;
				CLANG_WARN_SUSPICIOUS_MOVE = YES;
				CLANG_WARN_UNGUARDED_AVAILABILITY = YES_AGGRESSIVE;
				CLANG_WARN_UNREACHABLE_CODE = YES;
				CLANG_WARN__DUPLICATE_METHOD_MATCH = YES;
				COPY_PHASE_STRIP = NO;
				DEBUG_INFORMATION_FORMAT = "dwarf-with-dsym";
				ENABLE_NS_ASSERTIONS = NO;
				ENABLE_STRICT_OBJC_MSGSEND = YES;
				GCC_C_LANGUAGE_STANDARD = gnu11;
				GCC_NO_COMMON_BLOCKS = YES;
				GCC_WARN_64_TO_32_BIT_CONVERSION = YES;
				GCC_WARN_ABOUT_RETURN_TYPE = YES_ERROR;
				GCC_WARN_UNDECLARED_SELECTOR = YES;
				GCC_WARN_UNINITIALIZED_AUTOS = YES_AGGRESSIVE;
				GCC_WARN_UNUSED_FUNCTION = YES;
				GCC_WARN_UNUSED_VARIABLE = YES;
				IPHONEOS_DEPLOYMENT_TARGET = 13.4;
				MTL_ENABLE_DEBUG_INFO = NO;
				MTL_FAST_MATH = YES;
				SDKROOT = iphoneos;
				SWIFT_COMPILATION_MODE = wholemodule;
				SWIFT_OPTIMIZATION_LEVEL = "-O";
				VALIDATE_PRODUCT = YES;
			};
			name = Release;
		};
		6558D31A24684935004E8660 /* Debug */ = {
			isa = XCBuildConfiguration;
			baseConfigurationReference = 41E21C7A15C380A98AF70B0F /* Pods-SilentSubliminals.debug.xcconfig */;
			buildSettings = {
				ASSETCATALOG_COMPILER_APPICON_NAME = AppIcon;
				CODE_SIGN_STYLE = Automatic;
				INFOPLIST_FILE = SilentSubliminals/Info.plist;
				LD_RUNPATH_SEARCH_PATHS = (
					"$(inherited)",
					"@executable_path/Frameworks",
				);
				PRODUCT_BUNDLE_IDENTIFIER = ch.vormbrock.SilentSubliminals;
				PRODUCT_NAME = "$(TARGET_NAME)";
				SWIFT_VERSION = 5.0;
				TARGETED_DEVICE_FAMILY = "1,2";
			};
			name = Debug;
		};
		6558D31B24684935004E8660 /* Release */ = {
			isa = XCBuildConfiguration;
			baseConfigurationReference = 05483F9741432CA234D14692 /* Pods-SilentSubliminals.release.xcconfig */;
			buildSettings = {
				ASSETCATALOG_COMPILER_APPICON_NAME = AppIcon;
				CODE_SIGN_STYLE = Automatic;
				INFOPLIST_FILE = SilentSubliminals/Info.plist;
				LD_RUNPATH_SEARCH_PATHS = (
					"$(inherited)",
					"@executable_path/Frameworks",
				);
				PRODUCT_BUNDLE_IDENTIFIER = ch.vormbrock.SilentSubliminals;
				PRODUCT_NAME = "$(TARGET_NAME)";
				SWIFT_VERSION = 5.0;
				TARGETED_DEVICE_FAMILY = "1,2";
			};
			name = Release;
		};
/* End XCBuildConfiguration section */

/* Begin XCConfigurationList section */
		6558D30024684934004E8660 /* Build configuration list for PBXProject "SilentSubliminals" */ = {
			isa = XCConfigurationList;
			buildConfigurations = (
				6558D31724684935004E8660 /* Debug */,
				6558D31824684935004E8660 /* Release */,
			);
			defaultConfigurationIsVisible = 0;
			defaultConfigurationName = Release;
		};
		6558D31924684935004E8660 /* Build configuration list for PBXNativeTarget "SilentSubliminals" */ = {
			isa = XCConfigurationList;
			buildConfigurations = (
				6558D31A24684935004E8660 /* Debug */,
				6558D31B24684935004E8660 /* Release */,
			);
			defaultConfigurationIsVisible = 0;
			defaultConfigurationName = Release;
		};
/* End XCConfigurationList section */
	};
	rootObject = 6558D2FD24684934004E8660 /* Project object */;
}
